// !$*UTF8*$!
{
	archiveVersion = 1;
	classes = {
	};
	objectVersion = 46;
	objects = {

/* Begin PBXBuildFile section */
		3A34654E5C234B9FA4858874 /* libPods-mathsync-sdkTests.a in Frameworks */ = {isa = PBXBuildFile; fileRef = F6AFFE14789F4FFABADD7F3B /* libPods-mathsync-sdkTests.a */; };
		48034C0618B22E1200ADE6FE /* MKBucketTests.m in Sources */ = {isa = PBXBuildFile; fileRef = 48034C0518B22E1200ADE6FE /* MKBucketTests.m */; };
		481D83B118ACF1AA003924EF /* MKResolverFromSummarizers.m in Sources */ = {isa = PBXBuildFile; fileRef = 481D83B018ACF1AA003924EF /* MKResolverFromSummarizers.m */; };
		481D83B618AD0BDD003924EF /* MKDeserializedDifference.m in Sources */ = {isa = PBXBuildFile; fileRef = 481D83B518AD0BDD003924EF /* MKDeserializedDifference.m */; };
		481D83BA18AD19E5003924EF /* MKJSONEncoder.m in Sources */ = {isa = PBXBuildFile; fileRef = 481D83B918AD19E5003924EF /* MKJSONEncoder.m */; };
		481D83BD18AD1E90003924EF /* MKSummarizerFromItems.m in Sources */ = {isa = PBXBuildFile; fileRef = 481D83BC18AD1E90003924EF /* MKSummarizerFromItems.m */; };
		481D83C418AD65A2003924EF /* MKBucket.m in Sources */ = {isa = PBXBuildFile; fileRef = 481D83C318AD65A2003924EF /* MKBucket.m */; };
		4826EB3318B383F9008FD141 /* MKSha1Digester.m in Sources */ = {isa = PBXBuildFile; fileRef = 4826EB3218B383F9008FD141 /* MKSha1Digester.m */; };
		4826EB3518B38EAA008FD141 /* MKSha1DigesterTests.m in Sources */ = {isa = PBXBuildFile; fileRef = 4826EB3418B38EAA008FD141 /* MKSha1DigesterTests.m */; };
		4826EB3B18B3FB0C008FD141 /* MKPadAndHashBucketSelector.m in Sources */ = {isa = PBXBuildFile; fileRef = 4826EB3A18B3FB0C008FD141 /* MKPadAndHashBucketSelector.m */; };
		4826EB3D18B40906008FD141 /* MKPadAndHashBucketSelectorTests.m in Sources */ = {isa = PBXBuildFile; fileRef = 4826EB3C18B40906008FD141 /* MKPadAndHashBucketSelectorTests.m */; };
		4826EBCD18B534CE008FD141 /* InvertibleBloomFilterTests .m in Sources */ = {isa = PBXBuildFile; fileRef = 4826EBCC18B534CE008FD141 /* InvertibleBloomFilterTests .m */; };
		483DA09F18B64C60007BFFBF /* MKSerializedDifference.m in Sources */ = {isa = PBXBuildFile; fileRef = 483DA09E18B64C60007BFFBF /* MKSerializedDifference.m */; };
		487A0FCE18B5E9D900D0EF76 /* MKInvertibleBloomFilter.m in Sources */ = {isa = PBXBuildFile; fileRef = 487A0FCD18B5E9D900D0EF76 /* MKInvertibleBloomFilter.m */; };
		48B53AF818AADED4001899DA /* Foundation.framework in Frameworks */ = {isa = PBXBuildFile; fileRef = 48B53AF718AADED4001899DA /* Foundation.framework */; };
		48B53B0618AADED4001899DA /* XCTest.framework in Frameworks */ = {isa = PBXBuildFile; fileRef = 48B53B0518AADED4001899DA /* XCTest.framework */; };
		48B53B0718AADED4001899DA /* Foundation.framework in Frameworks */ = {isa = PBXBuildFile; fileRef = 48B53AF718AADED4001899DA /* Foundation.framework */; };
		48B53B0918AADED4001899DA /* UIKit.framework in Frameworks */ = {isa = PBXBuildFile; fileRef = 48B53B0818AADED4001899DA /* UIKit.framework */; };
		48B53B0C18AADED4001899DA /* libmathsync-sdk.a in Frameworks */ = {isa = PBXBuildFile; fileRef = 48B53AF418AADED4001899DA /* libmathsync-sdk.a */; };
		48B53B1218AADED4001899DA /* InfoPlist.strings in Resources */ = {isa = PBXBuildFile; fileRef = 48B53B1018AADED4001899DA /* InfoPlist.strings */; };
		48B53B1418AADED4001899DA /* MKDeserializedDifferenceTests.m in Sources */ = {isa = PBXBuildFile; fileRef = 48B53B1318AADED4001899DA /* MKDeserializedDifferenceTests.m */; };
		48D70B3518BEA34100FE4BAF /* MKSummarizerFromJson.m in Sources */ = {isa = PBXBuildFile; fileRef = 48D70B3418BEA34100FE4BAF /* MKSummarizerFromJson.m */; };
		48FCFB3318B8109B006C51BD /* MKSerializedItems.m in Sources */ = {isa = PBXBuildFile; fileRef = 48FCFB3218B8109B006C51BD /* MKSerializedItems.m */; };
		48FCFB3718B8157D006C51BD /* MKDefaultsConfiguration.m in Sources */ = {isa = PBXBuildFile; fileRef = 48FCFB3618B8157D006C51BD /* MKDefaultsConfiguration.m */; };
/* End PBXBuildFile section */

/* Begin PBXContainerItemProxy section */
		48B53B0A18AADED4001899DA /* PBXContainerItemProxy */ = {
			isa = PBXContainerItemProxy;
			containerPortal = 48B53AEC18AADED4001899DA /* Project object */;
			proxyType = 1;
			remoteGlobalIDString = 48B53AF318AADED4001899DA;
			remoteInfo = "mathsync-sdk";
		};
/* End PBXContainerItemProxy section */

/* Begin PBXCopyFilesBuildPhase section */
		48B53AF218AADED4001899DA /* CopyFiles */ = {
			isa = PBXCopyFilesBuildPhase;
			buildActionMask = 2147483647;
			dstPath = "include/$(PRODUCT_NAME)";
			dstSubfolderSpec = 16;
			files = (
			);
			runOnlyForDeploymentPostprocessing = 0;
		};
/* End PBXCopyFilesBuildPhase section */

/* Begin PBXFileReference section */
		1C2172D5CCF74634BA802DCE /* Pods-mathsync-sdkTests.xcconfig */ = {isa = PBXFileReference; includeInIndex = 1; lastKnownFileType = text.xcconfig; name = "Pods-mathsync-sdkTests.xcconfig"; path = "Pods/Pods-mathsync-sdkTests.xcconfig"; sourceTree = "<group>"; };
		48034C0518B22E1200ADE6FE /* MKBucketTests.m */ = {isa = PBXFileReference; fileEncoding = 4; lastKnownFileType = sourcecode.c.objc; path = MKBucketTests.m; sourceTree = "<group>"; };
		481D83A818ACDAFB003924EF /* MKResolver.h */ = {isa = PBXFileReference; lastKnownFileType = sourcecode.c.h; path = MKResolver.h; sourceTree = "<group>"; };
		481D83A918ACDDEF003924EF /* MKDifference.h */ = {isa = PBXFileReference; lastKnownFileType = sourcecode.c.h; path = MKDifference.h; sourceTree = "<group>"; };
		481D83AA18ACF00D003924EF /* MKSerializer.h */ = {isa = PBXFileReference; lastKnownFileType = sourcecode.c.h; path = MKSerializer.h; sourceTree = "<group>"; };
		481D83AB18ACF03D003924EF /* MKDeserializer.h */ = {isa = PBXFileReference; lastKnownFileType = sourcecode.c.h; path = MKDeserializer.h; sourceTree = "<group>"; };
		481D83AF18ACF1AA003924EF /* MKResolverFromSummarizers.h */ = {isa = PBXFileReference; fileEncoding = 4; lastKnownFileType = sourcecode.c.h; path = MKResolverFromSummarizers.h; sourceTree = "<group>"; };
		481D83B018ACF1AA003924EF /* MKResolverFromSummarizers.m */ = {isa = PBXFileReference; fileEncoding = 4; lastKnownFileType = sourcecode.c.objc; path = MKResolverFromSummarizers.m; sourceTree = "<group>"; };
		481D83B218ACF2C8003924EF /* MKSummarizer.h */ = {isa = PBXFileReference; lastKnownFileType = sourcecode.c.h; path = MKSummarizer.h; sourceTree = "<group>"; };
		481D83B318ACF340003924EF /* MKSummary.h */ = {isa = PBXFileReference; lastKnownFileType = sourcecode.c.h; path = MKSummary.h; sourceTree = "<group>"; };
		481D83B418AD0BDD003924EF /* MKDeserializedDifference.h */ = {isa = PBXFileReference; fileEncoding = 4; lastKnownFileType = sourcecode.c.h; path = MKDeserializedDifference.h; sourceTree = "<group>"; };
		481D83B518AD0BDD003924EF /* MKDeserializedDifference.m */ = {isa = PBXFileReference; fileEncoding = 4; lastKnownFileType = sourcecode.c.objc; path = MKDeserializedDifference.m; sourceTree = "<group>"; };
		481D83B818AD19E5003924EF /* MKJSONEncoder.h */ = {isa = PBXFileReference; fileEncoding = 4; lastKnownFileType = sourcecode.c.h; path = MKJSONEncoder.h; sourceTree = "<group>"; };
		481D83B918AD19E5003924EF /* MKJSONEncoder.m */ = {isa = PBXFileReference; fileEncoding = 4; lastKnownFileType = sourcecode.c.objc; path = MKJSONEncoder.m; sourceTree = "<group>"; };
		481D83BB18AD1E90003924EF /* MKSummarizerFromItems.h */ = {isa = PBXFileReference; fileEncoding = 4; lastKnownFileType = sourcecode.c.h; path = MKSummarizerFromItems.h; sourceTree = "<group>"; };
		481D83BC18AD1E90003924EF /* MKSummarizerFromItems.m */ = {isa = PBXFileReference; fileEncoding = 4; lastKnownFileType = sourcecode.c.objc; path = MKSummarizerFromItems.m; sourceTree = "<group>"; };
		481D83C218AD65A2003924EF /* MKBucket.h */ = {isa = PBXFileReference; fileEncoding = 4; lastKnownFileType = sourcecode.c.h; path = MKBucket.h; sourceTree = "<group>"; };
		481D83C318AD65A2003924EF /* MKBucket.m */ = {isa = PBXFileReference; fileEncoding = 4; lastKnownFileType = sourcecode.c.objc; path = MKBucket.m; sourceTree = "<group>"; };
		4826EB3018B353D8008FD141 /* MKDigester.h */ = {isa = PBXFileReference; lastKnownFileType = sourcecode.c.h; path = MKDigester.h; sourceTree = "<group>"; };
		4826EB3118B383F9008FD141 /* MKSha1Digester.h */ = {isa = PBXFileReference; fileEncoding = 4; lastKnownFileType = sourcecode.c.h; path = MKSha1Digester.h; sourceTree = "<group>"; };
		4826EB3218B383F9008FD141 /* MKSha1Digester.m */ = {isa = PBXFileReference; fileEncoding = 4; lastKnownFileType = sourcecode.c.objc; path = MKSha1Digester.m; sourceTree = "<group>"; };
		4826EB3418B38EAA008FD141 /* MKSha1DigesterTests.m */ = {isa = PBXFileReference; fileEncoding = 4; lastKnownFileType = sourcecode.c.objc; path = MKSha1DigesterTests.m; sourceTree = "<group>"; };
		4826EB3918B3FB0C008FD141 /* MKPadAndHashBucketSelector.h */ = {isa = PBXFileReference; fileEncoding = 4; lastKnownFileType = sourcecode.c.h; path = MKPadAndHashBucketSelector.h; sourceTree = "<group>"; };
		4826EB3A18B3FB0C008FD141 /* MKPadAndHashBucketSelector.m */ = {isa = PBXFileReference; fileEncoding = 4; lastKnownFileType = sourcecode.c.objc; path = MKPadAndHashBucketSelector.m; sourceTree = "<group>"; };
		4826EB3C18B40906008FD141 /* MKPadAndHashBucketSelectorTests.m */ = {isa = PBXFileReference; fileEncoding = 4; lastKnownFileType = sourcecode.c.objc; path = MKPadAndHashBucketSelectorTests.m; sourceTree = "<group>"; };
		4826EBCC18B534CE008FD141 /* InvertibleBloomFilterTests .m */ = {isa = PBXFileReference; fileEncoding = 4; lastKnownFileType = sourcecode.c.objc; path = "InvertibleBloomFilterTests .m"; sourceTree = "<group>"; };
		483DA09D18B64C60007BFFBF /* MKSerializedDifference.h */ = {isa = PBXFileReference; fileEncoding = 4; lastKnownFileType = sourcecode.c.h; path = MKSerializedDifference.h; sourceTree = "<group>"; };
		483DA09E18B64C60007BFFBF /* MKSerializedDifference.m */ = {isa = PBXFileReference; fileEncoding = 4; lastKnownFileType = sourcecode.c.objc; path = MKSerializedDifference.m; sourceTree = "<group>"; };
		487A0FCC18B5E9D900D0EF76 /* MKInvertibleBloomFilter.h */ = {isa = PBXFileReference; fileEncoding = 4; lastKnownFileType = sourcecode.c.h; path = MKInvertibleBloomFilter.h; sourceTree = "<group>"; };
		487A0FCD18B5E9D900D0EF76 /* MKInvertibleBloomFilter.m */ = {isa = PBXFileReference; fileEncoding = 4; lastKnownFileType = sourcecode.c.objc; path = MKInvertibleBloomFilter.m; sourceTree = "<group>"; };
		48B53AF418AADED4001899DA /* libmathsync-sdk.a */ = {isa = PBXFileReference; explicitFileType = archive.ar; includeInIndex = 0; path = "libmathsync-sdk.a"; sourceTree = BUILT_PRODUCTS_DIR; };
		48B53AF718AADED4001899DA /* Foundation.framework */ = {isa = PBXFileReference; lastKnownFileType = wrapper.framework; name = Foundation.framework; path = System/Library/Frameworks/Foundation.framework; sourceTree = SDKROOT; };
		48B53AFB18AADED4001899DA /* mathsync-sdk-Prefix.pch */ = {isa = PBXFileReference; lastKnownFileType = sourcecode.c.h; path = "mathsync-sdk-Prefix.pch"; sourceTree = "<group>"; };
		48B53B0418AADED4001899DA /* mathsync-sdkTests.xctest */ = {isa = PBXFileReference; explicitFileType = wrapper.cfbundle; includeInIndex = 0; path = "mathsync-sdkTests.xctest"; sourceTree = BUILT_PRODUCTS_DIR; };
		48B53B0518AADED4001899DA /* XCTest.framework */ = {isa = PBXFileReference; lastKnownFileType = wrapper.framework; name = XCTest.framework; path = Library/Frameworks/XCTest.framework; sourceTree = DEVELOPER_DIR; };
		48B53B0818AADED4001899DA /* UIKit.framework */ = {isa = PBXFileReference; lastKnownFileType = wrapper.framework; name = UIKit.framework; path = Library/Frameworks/UIKit.framework; sourceTree = DEVELOPER_DIR; };
		48B53B0F18AADED4001899DA /* mathsync-sdkTests-Info.plist */ = {isa = PBXFileReference; lastKnownFileType = text.plist.xml; path = "mathsync-sdkTests-Info.plist"; sourceTree = "<group>"; };
		48B53B1118AADED4001899DA /* en */ = {isa = PBXFileReference; lastKnownFileType = text.plist.strings; name = en; path = en.lproj/InfoPlist.strings; sourceTree = "<group>"; };
		48B53B1318AADED4001899DA /* MKDeserializedDifferenceTests.m */ = {isa = PBXFileReference; lastKnownFileType = sourcecode.c.objc; path = MKDeserializedDifferenceTests.m; sourceTree = "<group>"; };
		48D70B3318BEA34100FE4BAF /* MKSummarizerFromJson.h */ = {isa = PBXFileReference; fileEncoding = 4; lastKnownFileType = sourcecode.c.h; path = MKSummarizerFromJson.h; sourceTree = "<group>"; };
		48D70B3418BEA34100FE4BAF /* MKSummarizerFromJson.m */ = {isa = PBXFileReference; fileEncoding = 4; lastKnownFileType = sourcecode.c.objc; path = MKSummarizerFromJson.m; sourceTree = "<group>"; };
		48D70B3618BEAF9A00FE4BAF /* MKMathSyncSdk.h */ = {isa = PBXFileReference; lastKnownFileType = sourcecode.c.h; path = MKMathSyncSdk.h; sourceTree = "<group>"; };
		48E70A2E18B344EF00C10CC9 /* MKBucketSelector.h */ = {isa = PBXFileReference; lastKnownFileType = sourcecode.c.h; path = MKBucketSelector.h; sourceTree = "<group>"; };
		48FCFB3118B8109B006C51BD /* MKSerializedItems.h */ = {isa = PBXFileReference; fileEncoding = 4; lastKnownFileType = sourcecode.c.h; path = MKSerializedItems.h; sourceTree = "<group>"; };
		48FCFB3218B8109B006C51BD /* MKSerializedItems.m */ = {isa = PBXFileReference; fileEncoding = 4; lastKnownFileType = sourcecode.c.objc; path = MKSerializedItems.m; sourceTree = "<group>"; };
		48FCFB3518B8157D006C51BD /* MKDefaultsConfiguration.h */ = {isa = PBXFileReference; fileEncoding = 4; lastKnownFileType = sourcecode.c.h; path = MKDefaultsConfiguration.h; sourceTree = "<group>"; };
		48FCFB3618B8157D006C51BD /* MKDefaultsConfiguration.m */ = {isa = PBXFileReference; fileEncoding = 4; lastKnownFileType = sourcecode.c.objc; path = MKDefaultsConfiguration.m; sourceTree = "<group>"; };
		F6AFFE14789F4FFABADD7F3B /* libPods-mathsync-sdkTests.a */ = {isa = PBXFileReference; explicitFileType = archive.ar; includeInIndex = 0; path = "libPods-mathsync-sdkTests.a"; sourceTree = BUILT_PRODUCTS_DIR; };
/* End PBXFileReference section */

/* Begin PBXFrameworksBuildPhase section */
		48B53AF118AADED4001899DA /* Frameworks */ = {
			isa = PBXFrameworksBuildPhase;
			buildActionMask = 2147483647;
			files = (
				48B53AF818AADED4001899DA /* Foundation.framework in Frameworks */,
			);
			runOnlyForDeploymentPostprocessing = 0;
		};
		48B53B0118AADED4001899DA /* Frameworks */ = {
			isa = PBXFrameworksBuildPhase;
			buildActionMask = 2147483647;
			files = (
				48B53B0618AADED4001899DA /* XCTest.framework in Frameworks */,
				48B53B0C18AADED4001899DA /* libmathsync-sdk.a in Frameworks */,
				48B53B0918AADED4001899DA /* UIKit.framework in Frameworks */,
				48B53B0718AADED4001899DA /* Foundation.framework in Frameworks */,
				3A34654E5C234B9FA4858874 /* libPods-mathsync-sdkTests.a in Frameworks */,
			);
			runOnlyForDeploymentPostprocessing = 0;
		};
/* End PBXFrameworksBuildPhase section */

/* Begin PBXGroup section */
		481D83AC18ACF0A3003924EF /* summarize */ = {
			isa = PBXGroup;
			children = (
				481D83BE18AD1F55003924EF /* impl */,
				481D83B218ACF2C8003924EF /* MKSummarizer.h */,
				481D83B318ACF340003924EF /* MKSummary.h */,
			);
			name = summarize;
			sourceTree = "<group>";
		};
		481D83AD18ACF0BB003924EF /* difference */ = {
			isa = PBXGroup;
			children = (
				481D83B718AD199B003924EF /* impl */,
				481D83A918ACDDEF003924EF /* MKDifference.h */,
			);
			name = difference;
			sourceTree = "<group>";
		};
		481D83AE18ACF13B003924EF /* resolution */ = {
			isa = PBXGroup;
			children = (
				481D83AF18ACF1AA003924EF /* MKResolverFromSummarizers.h */,
				481D83B018ACF1AA003924EF /* MKResolverFromSummarizers.m */,
				481D83A818ACDAFB003924EF /* MKResolver.h */,
			);
			name = resolution;
			sourceTree = "<group>";
		};
		481D83B718AD199B003924EF /* impl */ = {
			isa = PBXGroup;
			children = (
				481D83B418AD0BDD003924EF /* MKDeserializedDifference.h */,
				481D83B518AD0BDD003924EF /* MKDeserializedDifference.m */,
				481D83B818AD19E5003924EF /* MKJSONEncoder.h */,
				481D83B918AD19E5003924EF /* MKJSONEncoder.m */,
				483DA09D18B64C60007BFFBF /* MKSerializedDifference.h */,
				483DA09E18B64C60007BFFBF /* MKSerializedDifference.m */,
			);
			name = impl;
			sourceTree = "<group>";
		};
		481D83BE18AD1F55003924EF /* impl */ = {
			isa = PBXGroup;
			children = (
				487A0FCC18B5E9D900D0EF76 /* MKInvertibleBloomFilter.h */,
				487A0FCD18B5E9D900D0EF76 /* MKInvertibleBloomFilter.m */,
				48D70B3318BEA34100FE4BAF /* MKSummarizerFromJson.h */,
				48D70B3418BEA34100FE4BAF /* MKSummarizerFromJson.m */,
				481D83BB18AD1E90003924EF /* MKSummarizerFromItems.h */,
				481D83BC18AD1E90003924EF /* MKSummarizerFromItems.m */,
			);
			name = impl;
			sourceTree = "<group>";
		};
		4826EB2E18B34E58008FD141 /* bucket */ = {
			isa = PBXGroup;
			children = (
				48E70A2E18B344EF00C10CC9 /* MKBucketSelector.h */,
				4826EB3018B353D8008FD141 /* MKDigester.h */,
				4826EB2F18B34E70008FD141 /* impl */,
			);
			name = bucket;
			sourceTree = "<group>";
		};
		4826EB2F18B34E70008FD141 /* impl */ = {
			isa = PBXGroup;
			children = (
				4826EB3918B3FB0C008FD141 /* MKPadAndHashBucketSelector.h */,
				4826EB3A18B3FB0C008FD141 /* MKPadAndHashBucketSelector.m */,
				481D83C218AD65A2003924EF /* MKBucket.h */,
				481D83C318AD65A2003924EF /* MKBucket.m */,
				4826EB3118B383F9008FD141 /* MKSha1Digester.h */,
				4826EB3218B383F9008FD141 /* MKSha1Digester.m */,
				48FCFB3518B8157D006C51BD /* MKDefaultsConfiguration.h */,
				48FCFB3618B8157D006C51BD /* MKDefaultsConfiguration.m */,
			);
			name = impl;
			sourceTree = "<group>";
		};
		48B53AEB18AADED4001899DA = {
			isa = PBXGroup;
			children = (
				48B53AF918AADED4001899DA /* mathsync-sdk */,
				48B53B0D18AADED4001899DA /* mathsync-sdkTests */,
				48B53AF618AADED4001899DA /* Frameworks */,
				48B53AF518AADED4001899DA /* Products */,
				1C2172D5CCF74634BA802DCE /* Pods-mathsync-sdkTests.xcconfig */,
			);
			sourceTree = "<group>";
		};
		48B53AF518AADED4001899DA /* Products */ = {
			isa = PBXGroup;
			children = (
				48B53AF418AADED4001899DA /* libmathsync-sdk.a */,
				48B53B0418AADED4001899DA /* mathsync-sdkTests.xctest */,
			);
			name = Products;
			sourceTree = "<group>";
		};
		48B53AF618AADED4001899DA /* Frameworks */ = {
			isa = PBXGroup;
			children = (
				48B53AF718AADED4001899DA /* Foundation.framework */,
				48B53B0518AADED4001899DA /* XCTest.framework */,
				48B53B0818AADED4001899DA /* UIKit.framework */,
				F6AFFE14789F4FFABADD7F3B /* libPods-mathsync-sdkTests.a */,
			);
			name = Frameworks;
			sourceTree = "<group>";
		};
		48B53AF918AADED4001899DA /* mathsync-sdk */ = {
			isa = PBXGroup;
			children = (
				48FCFB3018B81074006C51BD /* serialize */,
				4826EB2E18B34E58008FD141 /* bucket */,
				481D83AD18ACF0BB003924EF /* difference */,
				481D83AC18ACF0A3003924EF /* summarize */,
				481D83AE18ACF13B003924EF /* resolution */,
				48B53AFA18AADED4001899DA /* Supporting Files */,
				48D70B3618BEAF9A00FE4BAF /* MKMathSyncSdk.h */,
			);
			path = "mathsync-sdk";
			sourceTree = "<group>";
		};
		48B53AFA18AADED4001899DA /* Supporting Files */ = {
			isa = PBXGroup;
			children = (
				48B53AFB18AADED4001899DA /* mathsync-sdk-Prefix.pch */,
			);
			name = "Supporting Files";
			sourceTree = "<group>";
		};
		48B53B0D18AADED4001899DA /* mathsync-sdkTests */ = {
			isa = PBXGroup;
			children = (
				48034C0518B22E1200ADE6FE /* MKBucketTests.m */,
				48B53B1318AADED4001899DA /* MKDeserializedDifferenceTests.m */,
				4826EB3418B38EAA008FD141 /* MKSha1DigesterTests.m */,
				4826EB3C18B40906008FD141 /* MKPadAndHashBucketSelectorTests.m */,
				4826EBCC18B534CE008FD141 /* InvertibleBloomFilterTests .m */,
				48B53B0E18AADED4001899DA /* Supporting Files */,
			);
			path = "mathsync-sdkTests";
			sourceTree = "<group>";
		};
		48B53B0E18AADED4001899DA /* Supporting Files */ = {
			isa = PBXGroup;
			children = (
				48B53B0F18AADED4001899DA /* mathsync-sdkTests-Info.plist */,
				48B53B1018AADED4001899DA /* InfoPlist.strings */,
			);
			name = "Supporting Files";
			sourceTree = "<group>";
		};
		48FCFB3018B81074006C51BD /* serialize */ = {
			isa = PBXGroup;
			children = (
				48FCFB3418B813EF006C51BD /* impl */,
				481D83AB18ACF03D003924EF /* MKDeserializer.h */,
				481D83AA18ACF00D003924EF /* MKSerializer.h */,
			);
			name = serialize;
			sourceTree = "<group>";
		};
		48FCFB3418B813EF006C51BD /* impl */ = {
			isa = PBXGroup;
			children = (
				48FCFB3118B8109B006C51BD /* MKSerializedItems.h */,
				48FCFB3218B8109B006C51BD /* MKSerializedItems.m */,
			);
			name = impl;
			sourceTree = "<group>";
		};
/* End PBXGroup section */

/* Begin PBXNativeTarget section */
		48B53AF318AADED4001899DA /* mathsync-sdk */ = {
			isa = PBXNativeTarget;
			buildConfigurationList = 48B53B1718AADED4001899DA /* Build configuration list for PBXNativeTarget "mathsync-sdk" */;
			buildPhases = (
				48B53AF018AADED4001899DA /* Sources */,
				48B53AF118AADED4001899DA /* Frameworks */,
				48B53AF218AADED4001899DA /* CopyFiles */,
			);
			buildRules = (
			);
			dependencies = (
			);
			name = "mathsync-sdk";
			productName = "mathsync-sdk";
			productReference = 48B53AF418AADED4001899DA /* libmathsync-sdk.a */;
			productType = "com.apple.product-type.library.static";
		};
		48B53B0318AADED4001899DA /* mathsync-sdkTests */ = {
			isa = PBXNativeTarget;
			buildConfigurationList = 48B53B1A18AADED4001899DA /* Build configuration list for PBXNativeTarget "mathsync-sdkTests" */;
			buildPhases = (
				85E97F0FA3974EBA98FAEF84 /* Check Pods Manifest.lock */,
				48B53B0018AADED4001899DA /* Sources */,
				48B53B0118AADED4001899DA /* Frameworks */,
				48B53B0218AADED4001899DA /* Resources */,
				5468DEFBD6BC4F81844705F0 /* Copy Pods Resources */,
			);
			buildRules = (
			);
			dependencies = (
				48B53B0B18AADED4001899DA /* PBXTargetDependency */,
			);
			name = "mathsync-sdkTests";
			productName = "mathsync-sdkTests";
			productReference = 48B53B0418AADED4001899DA /* mathsync-sdkTests.xctest */;
			productType = "com.apple.product-type.bundle.unit-test";
		};
/* End PBXNativeTarget section */

/* Begin PBXProject section */
		48B53AEC18AADED4001899DA /* Project object */ = {
			isa = PBXProject;
			attributes = {
				LastUpgradeCheck = 0500;
				ORGANIZATIONNAME = 3musket33rs;
			};
			buildConfigurationList = 48B53AEF18AADED4001899DA /* Build configuration list for PBXProject "mathsync-sdk" */;
			compatibilityVersion = "Xcode 3.2";
			developmentRegion = English;
			hasScannedForEncodings = 0;
			knownRegions = (
				en,
			);
			mainGroup = 48B53AEB18AADED4001899DA;
			productRefGroup = 48B53AF518AADED4001899DA /* Products */;
			projectDirPath = "";
			projectRoot = "";
			targets = (
				48B53AF318AADED4001899DA /* mathsync-sdk */,
				48B53B0318AADED4001899DA /* mathsync-sdkTests */,
			);
		};
/* End PBXProject section */

/* Begin PBXResourcesBuildPhase section */
		48B53B0218AADED4001899DA /* Resources */ = {
			isa = PBXResourcesBuildPhase;
			buildActionMask = 2147483647;
			files = (
				48B53B1218AADED4001899DA /* InfoPlist.strings in Resources */,
			);
			runOnlyForDeploymentPostprocessing = 0;
		};
/* End PBXResourcesBuildPhase section */

/* Begin PBXShellScriptBuildPhase section */
		5468DEFBD6BC4F81844705F0 /* Copy Pods Resources */ = {
			isa = PBXShellScriptBuildPhase;
			buildActionMask = 2147483647;
			files = (
			);
			inputPaths = (
			);
			name = "Copy Pods Resources";
			outputPaths = (
			);
			runOnlyForDeploymentPostprocessing = 0;
			shellPath = /bin/sh;
			shellScript = "\"${SRCROOT}/Pods/Pods-mathsync-sdkTests-resources.sh\"\n";
			showEnvVarsInLog = 0;
		};
		85E97F0FA3974EBA98FAEF84 /* Check Pods Manifest.lock */ = {
			isa = PBXShellScriptBuildPhase;
			buildActionMask = 2147483647;
			files = (
			);
			inputPaths = (
			);
			name = "Check Pods Manifest.lock";
			outputPaths = (
			);
			runOnlyForDeploymentPostprocessing = 0;
			shellPath = /bin/sh;
			shellScript = "diff \"${PODS_ROOT}/../Podfile.lock\" \"${PODS_ROOT}/Manifest.lock\" > /dev/null\nif [[ $? != 0 ]] ; then\n    cat << EOM\nerror: The sandbox is not in sync with the Podfile.lock. Run 'pod install' or update your CocoaPods installation.\nEOM\n    exit 1\nfi\n";
			showEnvVarsInLog = 0;
		};
/* End PBXShellScriptBuildPhase section */

/* Begin PBXSourcesBuildPhase section */
		48B53AF018AADED4001899DA /* Sources */ = {
			isa = PBXSourcesBuildPhase;
			buildActionMask = 2147483647;
			files = (
				481D83B118ACF1AA003924EF /* MKResolverFromSummarizers.m in Sources */,
				48FCFB3318B8109B006C51BD /* MKSerializedItems.m in Sources */,
				4826EB3B18B3FB0C008FD141 /* MKPadAndHashBucketSelector.m in Sources */,
				483DA09F18B64C60007BFFBF /* MKSerializedDifference.m in Sources */,
				487A0FCE18B5E9D900D0EF76 /* MKInvertibleBloomFilter.m in Sources */,
				481D83B618AD0BDD003924EF /* MKDeserializedDifference.m in Sources */,
				48FCFB3718B8157D006C51BD /* MKDefaultsConfiguration.m in Sources */,
				481D83BD18AD1E90003924EF /* MKSummarizerFromItems.m in Sources */,
				481D83BA18AD19E5003924EF /* MKJSONEncoder.m in Sources */,
				4826EB3318B383F9008FD141 /* MKSha1Digester.m in Sources */,
				48D70B3518BEA34100FE4BAF /* MKSummarizerFromJson.m in Sources */,
				481D83C418AD65A2003924EF /* MKBucket.m in Sources */,
			);
			runOnlyForDeploymentPostprocessing = 0;
		};
		48B53B0018AADED4001899DA /* Sources */ = {
			isa = PBXSourcesBuildPhase;
			buildActionMask = 2147483647;
			files = (
				4826EB3D18B40906008FD141 /* MKPadAndHashBucketSelectorTests.m in Sources */,
				4826EBCD18B534CE008FD141 /* InvertibleBloomFilterTests .m in Sources */,
				48B53B1418AADED4001899DA /* MKDeserializedDifferenceTests.m in Sources */,
				48034C0618B22E1200ADE6FE /* MKBucketTests.m in Sources */,
				4826EB3518B38EAA008FD141 /* MKSha1DigesterTests.m in Sources */,
			);
			runOnlyForDeploymentPostprocessing = 0;
		};
/* End PBXSourcesBuildPhase section */

/* Begin PBXTargetDependency section */
		48B53B0B18AADED4001899DA /* PBXTargetDependency */ = {
			isa = PBXTargetDependency;
			target = 48B53AF318AADED4001899DA /* mathsync-sdk */;
			targetProxy = 48B53B0A18AADED4001899DA /* PBXContainerItemProxy */;
		};
/* End PBXTargetDependency section */

/* Begin PBXVariantGroup section */
		48B53B1018AADED4001899DA /* InfoPlist.strings */ = {
			isa = PBXVariantGroup;
			children = (
				48B53B1118AADED4001899DA /* en */,
			);
			name = InfoPlist.strings;
			sourceTree = "<group>";
		};
/* End PBXVariantGroup section */

/* Begin XCBuildConfiguration section */
		48B53B1518AADED4001899DA /* Debug */ = {
			isa = XCBuildConfiguration;
			buildSettings = {
				ALWAYS_SEARCH_USER_PATHS = NO;
				ARCHS = "$(ARCHS_STANDARD_INCLUDING_64_BIT)";
				CLANG_CXX_LANGUAGE_STANDARD = "gnu++0x";
				CLANG_CXX_LIBRARY = "libc++";
				CLANG_ENABLE_MODULES = YES;
				CLANG_ENABLE_OBJC_ARC = YES;
				CLANG_WARN_BOOL_CONVERSION = YES;
				CLANG_WARN_CONSTANT_CONVERSION = YES;
				CLANG_WARN_DIRECT_OBJC_ISA_USAGE = YES_ERROR;
				CLANG_WARN_EMPTY_BODY = YES;
				CLANG_WARN_ENUM_CONVERSION = YES;
				CLANG_WARN_INT_CONVERSION = YES;
				CLANG_WARN_OBJC_ROOT_CLASS = YES_ERROR;
				CLANG_WARN__DUPLICATE_METHOD_MATCH = YES;
				COPY_PHASE_STRIP = NO;
				GCC_C_LANGUAGE_STANDARD = gnu99;
				GCC_DYNAMIC_NO_PIC = NO;
				GCC_OPTIMIZATION_LEVEL = 0;
				GCC_PREPROCESSOR_DEFINITIONS = (
					"DEBUG=1",
					"$(inherited)",
				);
				GCC_SYMBOLS_PRIVATE_EXTERN = NO;
				GCC_WARN_64_TO_32_BIT_CONVERSION = YES;
				GCC_WARN_ABOUT_RETURN_TYPE = YES_ERROR;
				GCC_WARN_UNDECLARED_SELECTOR = YES;
				GCC_WARN_UNINITIALIZED_AUTOS = YES;
				GCC_WARN_UNUSED_FUNCTION = YES;
				GCC_WARN_UNUSED_VARIABLE = YES;
				IPHONEOS_DEPLOYMENT_TARGET = 7.0;
				ONLY_ACTIVE_ARCH = YES;
				SDKROOT = iphoneos;
			};
			name = Debug;
		};
		48B53B1618AADED4001899DA /* Release */ = {
			isa = XCBuildConfiguration;
			buildSettings = {
				ALWAYS_SEARCH_USER_PATHS = NO;
				ARCHS = "$(ARCHS_STANDARD_INCLUDING_64_BIT)";
				CLANG_CXX_LANGUAGE_STANDARD = "gnu++0x";
				CLANG_CXX_LIBRARY = "libc++";
				CLANG_ENABLE_MODULES = YES;
				CLANG_ENABLE_OBJC_ARC = YES;
				CLANG_WARN_BOOL_CONVERSION = YES;
				CLANG_WARN_CONSTANT_CONVERSION = YES;
				CLANG_WARN_DIRECT_OBJC_ISA_USAGE = YES_ERROR;
				CLANG_WARN_EMPTY_BODY = YES;
				CLANG_WARN_ENUM_CONVERSION = YES;
				CLANG_WARN_INT_CONVERSION = YES;
				CLANG_WARN_OBJC_ROOT_CLASS = YES_ERROR;
				CLANG_WARN__DUPLICATE_METHOD_MATCH = YES;
				COPY_PHASE_STRIP = YES;
				ENABLE_NS_ASSERTIONS = NO;
				GCC_C_LANGUAGE_STANDARD = gnu99;
				GCC_WARN_64_TO_32_BIT_CONVERSION = YES;
				GCC_WARN_ABOUT_RETURN_TYPE = YES_ERROR;
				GCC_WARN_UNDECLARED_SELECTOR = YES;
				GCC_WARN_UNINITIALIZED_AUTOS = YES;
				GCC_WARN_UNUSED_FUNCTION = YES;
				GCC_WARN_UNUSED_VARIABLE = YES;
				IPHONEOS_DEPLOYMENT_TARGET = 7.0;
				SDKROOT = iphoneos;
				VALIDATE_PRODUCT = YES;
			};
			name = Release;
		};
		48B53B1818AADED4001899DA /* Debug */ = {
			isa = XCBuildConfiguration;
			buildSettings = {
				DSTROOT = /tmp/mathsync_sdk.dst;
				GCC_PRECOMPILE_PREFIX_HEADER = YES;
				GCC_PREFIX_HEADER = "mathsync-sdk/mathsync-sdk-Prefix.pch";
				OTHER_LDFLAGS = "-ObjC";
				PRODUCT_NAME = "$(TARGET_NAME)";
				SKIP_INSTALL = YES;
			};
			name = Debug;
		};
		48B53B1918AADED4001899DA /* Release */ = {
			isa = XCBuildConfiguration;
			buildSettings = {
				DSTROOT = /tmp/mathsync_sdk.dst;
				GCC_PRECOMPILE_PREFIX_HEADER = YES;
				GCC_PREFIX_HEADER = "mathsync-sdk/mathsync-sdk-Prefix.pch";
				OTHER_LDFLAGS = "-ObjC";
				PRODUCT_NAME = "$(TARGET_NAME)";
				SKIP_INSTALL = YES;
			};
			name = Release;
		};
		48B53B1B18AADED4001899DA /* Debug */ = {
			isa = XCBuildConfiguration;
			baseConfigurationReference = 1C2172D5CCF74634BA802DCE /* Pods-mathsync-sdkTests.xcconfig */;
			buildSettings = {
				ARCHS = "$(ARCHS_STANDARD_INCLUDING_64_BIT)";
				FRAMEWORK_SEARCH_PATHS = (
					"$(SDKROOT)/Developer/Library/Frameworks",
					"$(inherited)",
					"$(DEVELOPER_FRAMEWORKS_DIR)",
				);
				GCC_PRECOMPILE_PREFIX_HEADER = YES;
				GCC_PREFIX_HEADER = "mathsync-sdk/mathsync-sdk-Prefix.pch";
				GCC_PREPROCESSOR_DEFINITIONS = (
					"DEBUG=1",
					"$(inherited)",
				);
				INFOPLIST_FILE = "mathsync-sdkTests/mathsync-sdkTests-Info.plist";
				PRODUCT_NAME = "$(TARGET_NAME)";
				WRAPPER_EXTENSION = xctest;
			};
			name = Debug;
		};
		48B53B1C18AADED4001899DA /* Release */ = {
			isa = XCBuildConfiguration;
			baseConfigurationReference = 1C2172D5CCF74634BA802DCE /* Pods-mathsync-sdkTests.xcconfig */;
			buildSettings = {
				ARCHS = "$(ARCHS_STANDARD_INCLUDING_64_BIT)";
				FRAMEWORK_SEARCH_PATHS = (
					"$(SDKROOT)/Developer/Library/Frameworks",
					"$(inherited)",
					"$(DEVELOPER_FRAMEWORKS_DIR)",
				);
				GCC_PRECOMPILE_PREFIX_HEADER = YES;
				GCC_PREFIX_HEADER = "mathsync-sdk/mathsync-sdk-Prefix.pch";
				INFOPLIST_FILE = "mathsync-sdkTests/mathsync-sdkTests-Info.plist";
				PRODUCT_NAME = "$(TARGET_NAME)";
				WRAPPER_EXTENSION = xctest;
			};
			name = Release;
		};
/* End XCBuildConfiguration section */

/* Begin XCConfigurationList section */
		48B53AEF18AADED4001899DA /* Build configuration list for PBXProject "mathsync-sdk" */ = {
			isa = XCConfigurationList;
			buildConfigurations = (
				48B53B1518AADED4001899DA /* Debug */,
				48B53B1618AADED4001899DA /* Release */,
			);
			defaultConfigurationIsVisible = 0;
			defaultConfigurationName = Release;
		};
		48B53B1718AADED4001899DA /* Build configuration list for PBXNativeTarget "mathsync-sdk" */ = {
			isa = XCConfigurationList;
			buildConfigurations = (
				48B53B1818AADED4001899DA /* Debug */,
				48B53B1918AADED4001899DA /* Release */,
			);
			defaultConfigurationIsVisible = 0;
			defaultConfigurationName = Release;
		};
		48B53B1A18AADED4001899DA /* Build configuration list for PBXNativeTarget "mathsync-sdkTests" */ = {
			isa = XCConfigurationList;
			buildConfigurations = (
				48B53B1B18AADED4001899DA /* Debug */,
				48B53B1C18AADED4001899DA /* Release */,
			);
			defaultConfigurationIsVisible = 0;
			defaultConfigurationName = Release;
		};
/* End XCConfigurationList section */
	};
	rootObject = 48B53AEC18AADED4001899DA /* Project object */;
}
